
Microsoft Visual Studio Solution File, Format Version 12.00
# Visual Studio 15
VisualStudioVersion = 15.0.28307.2092
MinimumVisualStudioVersion = 10.0.40219.1
Project("{FE7A1B72-C5B7-4D7C-BB7D-76384D4DE8E1}") = "LoadingSpinner_FrameworkControl", "LoadingSpinner_FrameworkControl\LoadingSpinner_FrameworkControl.hmiproj", "{F34142B8-0E6A-4D6D-8935-36E45EBC12B4}"
EndProject
Global
	GlobalSection(SolutionConfigurationPlatforms) = preSolution
		Debug|TwinCAT HMI = Debug|TwinCAT HMI
		Release|TwinCAT HMI = Release|TwinCAT HMI
	EndGlobalSection
	GlobalSection(ProjectConfigurationPlatforms) = postSolution
		{F34142B8-0E6A-4D6D-8935-36E45EBC12B4}.Debug|TwinCAT HMI.ActiveCfg = Debug|TwinCAT HMI
		{F34142B8-0E6A-4D6D-8935-36E45EBC12B4}.Debug|TwinCAT HMI.Build.0 = Debug|TwinCAT HMI
		{F34142B8-0E6A-4D6D-8935-36E45EBC12B4}.Release|TwinCAT HMI.ActiveCfg = Release|TwinCAT HMI
		{F34142B8-0E6A-4D6D-8935-36E45EBC12B4}.Release|TwinCAT HMI.Build.0 = Release|TwinCAT HMI
	EndGlobalSection
	GlobalSection(SolutionProperties) = preSolution
		HideSolutionNode = FALSE
	EndGlobalSection
	GlobalSection(ExtensibilityGlobals) = postSolution
		SolutionGuid = {B2F8206F-5C36-4F34-8258-077CFB5DF449}
	EndGlobalSection
EndGlobal
